<?xml version="1.0" encoding="UTF-8" standalone="yes" ?>
<CodeBlocks_project_file>
	<FileVersion major="1" minor="6" />
	<Project>
		<Option title="BatteryLine" />
		<Option pch_mode="2" />
		<Option compiler="gcc" />
		<Build>
			<Target title="Debug">
				<Option output="bin/Debug/BatteryLine" prefix_auto="1" extension_auto="1" />
				<Option object_output="obj/Debug/" />
				<Option type="1" />
				<Option compiler="gcc" />
				<Compiler>
					<Add option="-g" />
					<Add option="-D_DEBUG" />
				</Compiler>
			</Target>
			<Target title="Release">
				<Option output="bin/Release/BatteryLine" prefix_auto="1" extension_auto="1" />
				<Option object_output="obj/Release/" />
				<Option type="0" />
				<Option compiler="gcc" />
				<Compiler>
					<Add option="-O2" />
				</Compiler>
				<Linker>
					<Add option="-s" />
				</Linker>
			</Target>
		</Build>
		<Compiler>
			<Add option="-Wall" />
			<Add option="-std=c99" />
		</Compiler>
		<Linker>
			<Add library="gdi32" />
			<Add library="uuid" />
			<Add library="shlwapi" />
		</Linker>
		<Unit filename="BasicIO.c">
			<Option compilerVar="CC" />
		</Unit>
		<Unit filename="BasicIO.h" />
		<Unit filename="BatStat.c">
			<Option compilerVar="CC" />
		</Unit>
		<Unit filename="BatStat.h" />
		<Unit filename="DrawLine.c">
			<Option compilerVar="CC" />
		</Unit>
		<Unit filename="DrawLine.h" />
		<Unit filename="ErrorHandle.c">
			<Option compilerVar="CC" />
		</Unit>
		<Unit filename="ErrorHandle.h" />
		<Unit filename="Main.c">
			<Option compilerVar="CC" />
		</Unit>
		<Unit filename="Var.h" />
		<Unit filename="rc/BatteryLine.rc">
			<Option compilerVar="WINDRES" />
		</Unit>
		<Extensions>
			<code_completion />
			<envvars />
			<debugger />
		</Extensions>
	</Project>
</CodeBlocks_project_file>
